
Microsoft Visual Studio Solution File, Format Version 12.00
# Visual Studio Version 16
VisualStudioVersion = 16.0.29001.49
MinimumVisualStudioVersion = 10.0.40219.1
Project("{FAE04EC0-301F-11D3-BF4B-00C04F79EFBC}") = "FXOrder", "..\FXOrder\FXOrder.csproj", "{CA9F5C6C-6213-4878-B45B-0D7C596E1BE7}"
EndProject
Global
	GlobalSection(SolutionConfigurationPlatforms) = preSolution
		Debug|Any CPU = Debug|Any CPU
		Release|Any CPU = Release|Any CPU
	EndGlobalSection
	GlobalSection(ProjectConfigurationPlatforms) = postSolution
		{CA9F5C6C-6213-4878-B45B-0D7C596E1BE7}.Debug|Any CPU.ActiveCfg = Debug|Any CPU
		{CA9F5C6C-6213-4878-B45B-0D7C596E1BE7}.Debug|Any CPU.Build.0 = Debug|Any CPU
		{CA9F5C6C-6213-4878-B45B-0D7C596E1BE7}.Release|Any CPU.ActiveCfg = Release|Any CPU
		{CA9F5C6C-6213-4878-B45B-0D7C596E1BE7}.Release|Any CPU.Build.0 = Release|Any CPU
	EndGlobalSection
	GlobalSection(SolutionProperties) = preSolution
		HideSolutionNode = FALSE
	EndGlobalSection
	GlobalSection(ExtensibilityGlobals) = postSolution
		SolutionGuid = {B2493CD5-71A1-43B8-82FF-F4A63A28B667}
	EndGlobalSection
EndGlobal
